# This is a Gradle generated file for dependency locking.
# Manual edits can break the build and are not advised.
# This file is expected to be part of source control.
co.riiid.gradle:co.riiid.gradle.gradle.plugin:0.4.2=classpath
commons-beanutils:commons-beanutils:1.8.0=classpath
commons-codec:commons-codec:1.6=classpath
commons-collections:commons-collections:3.2.1=classpath
commons-lang:commons-lang:2.4=classpath
commons-logging:commons-logging:1.1.1=classpath
de.itemis.mps:mps-gradle-plugin:1.11.330.8d31adc=classpath
download-jbr:download-jbr.gradle.plugin:1.11.330.8d31adc=classpath
gradle.plugin.co.riiid:gradle-github-plugin:0.4.2=classpath
net.sf.ezmorph:ezmorph:1.0.6=classpath
net.sf.json-lib:json-lib:2.3=classpath
net.sourceforge.nekohtml:nekohtml:1.9.16=classpath
net.swiftzer.semver:semver:1.1.2=classpath
org.apache.httpcomponents:httpclient:4.2.1=classpath
org.apache.httpcomponents:httpcore:4.2.1=classpath
org.codehaus.groovy.modules.http-builder:http-builder:0.7.1=classpath
org.jetbrains.kotlin:kotlin-stdlib-common:1.6.21=classpath
org.jetbrains.kotlin:kotlin-stdlib:1.6.21=classpath
org.jetbrains:annotations:13.0=classpath
org.slf4j:slf4j-api:1.6.6=classpath
org.zeroturnaround:zt-zip:1.8=classpath
xerces:xercesImpl:2.9.1=classpath
xml-resolver:xml-resolver:1.2=classpath
empty=
