# This is a Gradle generated file for dependency locking.
# Manual edits can break the build and are not advised.
# This file is expected to be part of source control.
com.jetbrains.jdk:jbr_jcef:17.0.8.1-b1000.32=jbrLinux,jbrMac,jbrMacAarch,jbrWin
com.jetbrains:mps:2024.1.5=mps
com.mbeddr:platform:2024.1.26283.ea42873=languageLibs
de.itemis.mps.build-backends:execute-generators:1.24.3.167.c51149b=generateBackend
de.itemis.mps.build-backends:execute:1.24.3.167.c51149b=executeBackend
de.itemis.mps.build-backends:modelcheck:1.24.3.167.c51149b=modelcheckBackend
de.itemis.mps.build-backends:project-loader:5.0.0.167.c51149b=executeBackend,generateBackend,modelcheckBackend,remigrateBackend
de.itemis.mps.build-backends:remigrate:1.0.0.167.c51149b=remigrateBackend
org.mpsqa:all-in-one:2024.1.1188.b842bbb=languageLibs
tools.aqua:z3-turnkey:4.11.2=z3
xml-apis:xml-apis-ext:1.3.04=plantUML
empty=annotationProcessor,compileClasspath,runtimeClasspath,testAnnotationProcessor,testCompileClasspath,testRuntimeClasspath
