# This is a Gradle generated file for dependency locking.
# Manual edits can break the build and are not advised.
# This file is expected to be part of source control.
com.fasterxml.jackson.core:jackson-annotations:2.13.5=modelcheckBackend
com.fasterxml.jackson.core:jackson-core:2.13.5=modelcheckBackend
com.fasterxml.jackson.core:jackson-databind:2.13.5=modelcheckBackend
com.fasterxml.jackson.dataformat:jackson-dataformat-xml:2.13.5=modelcheckBackend
com.fasterxml.jackson:jackson-bom:2.13.5=modelcheckBackend
com.fasterxml.woodstox:woodstox-core:6.4.0=modelcheckBackend
com.jetbrains.jdk:jbr_jcef:17.0.6-b469.82=jbrLinux,jbrMac,jbrWin
com.jetbrains:mps:2022.3.2=mps
com.mbeddr:platform:2023.2.24801.386ed54=languageLibs
com.xenomachina:kotlin-argparser:2.0.7=executeBackend,generateBackend,modelcheckBackend,remigrateBackend
com.xenomachina:xenocom:0.0.7=executeBackend,generateBackend,modelcheckBackend,remigrateBackend
de.itemis.mps.build-backends:execute-generators:1.15.1.98.8f853d3=generateBackend
de.itemis.mps.build-backends:execute:1.15.1.98.8f853d3=executeBackend
de.itemis.mps.build-backends:modelcheck:1.15.1.98.8f853d3=modelcheckBackend
de.itemis.mps.build-backends:project-loader:2.3.0.98.8f853d3=executeBackend,generateBackend,modelcheckBackend,remigrateBackend
de.itemis.mps.build-backends:remigrate:0.0.4.98.8f853d3=remigrateBackend
junit:junit:4.12=antLib
org.apache.ant:ant-junit:1.10.6=antLib
org.apache.ant:ant-launcher:1.10.6=antLib
org.apache.ant:ant:1.10.6=antLib
org.codehaus.woodstox:stax2-api:4.2.1=modelcheckBackend
org.hamcrest:hamcrest-core:1.3=antLib
org.jetbrains.kotlin:kotlin-stdlib-common:1.6.21=executeBackend,generateBackend,modelcheckBackend,remigrateBackend
org.jetbrains.kotlin:kotlin-stdlib-jdk7:1.6.21=executeBackend,generateBackend,modelcheckBackend,remigrateBackend
org.jetbrains.kotlin:kotlin-stdlib-jdk8:1.6.21=executeBackend,generateBackend,modelcheckBackend,remigrateBackend
org.jetbrains.kotlin:kotlin-stdlib:1.6.21=executeBackend,generateBackend,modelcheckBackend,remigrateBackend
org.jetbrains.kotlin:kotlin-test:1.6.21=modelcheckBackend
org.jetbrains:annotations:13.0=executeBackend,generateBackend,modelcheckBackend,remigrateBackend
org.mpsqa:all-in-one:2023.2.657.4e8f442=languageLibs
empty=
